
Microsoft Visual Studio Solution File, Format Version 12.00
# Visual Studio Version 17
VisualStudioVersion = 17.9.34622.214
MinimumVisualStudioVersion = 10.0.40219.1
Project("{2150E333-8FDC-42A3-9474-1A3956D46DE8}") = "src", "src", "{3C321689-AC7F-45E0-9ECB-62EA8ED49385}"
EndProject
Project("{2150E333-8FDC-42A3-9474-1A3956D46DE8}") = "Presentation", "Presentation", "{FF128A03-5A5F-44DD-98C8-F2E7522C2706}"
EndProject
Project("{2150E333-8FDC-42A3-9474-1A3956D46DE8}") = "Domain", "Domain", "{34B07E99-2B67-4229-94B0-83FC31E05207}"
EndProject
Project("{2150E333-8FDC-42A3-9474-1A3956D46DE8}") = "Application", "Application", "{EE3A60E9-5169-4FA3-A319-7200CB895B1A}"
EndProject
Project("{9A19103F-16F7-4668-BE54-9A1E7A4F7556}") = "Template.Api", "Template.Api\Template.Api.csproj", "{8012543F-B6A0-4426-9EF1-E69FE1804393}"
EndProject
Project("{2150E333-8FDC-42A3-9474-1A3956D46DE8}") = "Contracts", "Contracts", "{F9DAF4C7-B0B1-40D7-8F06-AFC2FEE4B731}"
EndProject
Project("{9A19103F-16F7-4668-BE54-9A1E7A4F7556}") = "Template.Contracts", "Template.Contracts\Template.Contracts.csproj", "{5DB844A1-FDC0-4D31-8633-1C015831AB80}"
EndProject
Project("{9A19103F-16F7-4668-BE54-9A1E7A4F7556}") = "Template.Domain", "Template.Domain\Template.Domain.csproj", "{D8701BC0-C434-46A5-A1FD-84A8E30EC746}"
EndProject
Project("{9A19103F-16F7-4668-BE54-9A1E7A4F7556}") = "Template.Application", "Template.Application\Template.Application.csproj", "{D1BA54B7-ED6D-4438-8A75-1E8E5478E13C}"
EndProject
Project("{9A19103F-16F7-4668-BE54-9A1E7A4F7556}") = "Template.Infrastructure", "Template.Infrastructure\Template.Infrastructure.csproj", "{F0917679-9246-4502-905A-7E93AA973FA4}"
EndProject
Project("{2150E333-8FDC-42A3-9474-1A3956D46DE8}") = "Infrastructure", "Infrastructure", "{FD5FD7E9-FF39-4A5E-B80F-32AF31FFB0E0}"
EndProject
Global
	GlobalSection(SolutionConfigurationPlatforms) = preSolution
		Debug|Any CPU = Debug|Any CPU
		Release|Any CPU = Release|Any CPU
	EndGlobalSection
	GlobalSection(ProjectConfigurationPlatforms) = postSolution
		{8012543F-B6A0-4426-9EF1-E69FE1804393}.Debug|Any CPU.ActiveCfg = Debug|Any CPU
		{8012543F-B6A0-4426-9EF1-E69FE1804393}.Debug|Any CPU.Build.0 = Debug|Any CPU
		{8012543F-B6A0-4426-9EF1-E69FE1804393}.Release|Any CPU.ActiveCfg = Release|Any CPU
		{8012543F-B6A0-4426-9EF1-E69FE1804393}.Release|Any CPU.Build.0 = Release|Any CPU
		{5DB844A1-FDC0-4D31-8633-1C015831AB80}.Debug|Any CPU.ActiveCfg = Debug|Any CPU
		{5DB844A1-FDC0-4D31-8633-1C015831AB80}.Debug|Any CPU.Build.0 = Debug|Any CPU
		{5DB844A1-FDC0-4D31-8633-1C015831AB80}.Release|Any CPU.ActiveCfg = Release|Any CPU
		{5DB844A1-FDC0-4D31-8633-1C015831AB80}.Release|Any CPU.Build.0 = Release|Any CPU
		{D8701BC0-C434-46A5-A1FD-84A8E30EC746}.Debug|Any CPU.ActiveCfg = Debug|Any CPU
		{D8701BC0-C434-46A5-A1FD-84A8E30EC746}.Debug|Any CPU.Build.0 = Debug|Any CPU
		{D8701BC0-C434-46A5-A1FD-84A8E30EC746}.Release|Any CPU.ActiveCfg = Release|Any CPU
		{D8701BC0-C434-46A5-A1FD-84A8E30EC746}.Release|Any CPU.Build.0 = Release|Any CPU
		{D1BA54B7-ED6D-4438-8A75-1E8E5478E13C}.Debug|Any CPU.ActiveCfg = Debug|Any CPU
		{D1BA54B7-ED6D-4438-8A75-1E8E5478E13C}.Debug|Any CPU.Build.0 = Debug|Any CPU
		{D1BA54B7-ED6D-4438-8A75-1E8E5478E13C}.Release|Any CPU.ActiveCfg = Release|Any CPU
		{D1BA54B7-ED6D-4438-8A75-1E8E5478E13C}.Release|Any CPU.Build.0 = Release|Any CPU
		{F0917679-9246-4502-905A-7E93AA973FA4}.Debug|Any CPU.ActiveCfg = Debug|Any CPU
		{F0917679-9246-4502-905A-7E93AA973FA4}.Debug|Any CPU.Build.0 = Debug|Any CPU
		{F0917679-9246-4502-905A-7E93AA973FA4}.Release|Any CPU.ActiveCfg = Release|Any CPU
		{F0917679-9246-4502-905A-7E93AA973FA4}.Release|Any CPU.Build.0 = Release|Any CPU
	EndGlobalSection
	GlobalSection(SolutionProperties) = preSolution
		HideSolutionNode = FALSE
	EndGlobalSection
	GlobalSection(NestedProjects) = preSolution
		{FF128A03-5A5F-44DD-98C8-F2E7522C2706} = {3C321689-AC7F-45E0-9ECB-62EA8ED49385}
		{34B07E99-2B67-4229-94B0-83FC31E05207} = {3C321689-AC7F-45E0-9ECB-62EA8ED49385}
		{EE3A60E9-5169-4FA3-A319-7200CB895B1A} = {3C321689-AC7F-45E0-9ECB-62EA8ED49385}
		{8012543F-B6A0-4426-9EF1-E69FE1804393} = {FF128A03-5A5F-44DD-98C8-F2E7522C2706}
		{F9DAF4C7-B0B1-40D7-8F06-AFC2FEE4B731} = {FF128A03-5A5F-44DD-98C8-F2E7522C2706}
		{5DB844A1-FDC0-4D31-8633-1C015831AB80} = {F9DAF4C7-B0B1-40D7-8F06-AFC2FEE4B731}
		{D8701BC0-C434-46A5-A1FD-84A8E30EC746} = {34B07E99-2B67-4229-94B0-83FC31E05207}
		{D1BA54B7-ED6D-4438-8A75-1E8E5478E13C} = {EE3A60E9-5169-4FA3-A319-7200CB895B1A}
		{F0917679-9246-4502-905A-7E93AA973FA4} = {FD5FD7E9-FF39-4A5E-B80F-32AF31FFB0E0}
		{FD5FD7E9-FF39-4A5E-B80F-32AF31FFB0E0} = {3C321689-AC7F-45E0-9ECB-62EA8ED49385}
	EndGlobalSection
	GlobalSection(ExtensibilityGlobals) = postSolution
		SolutionGuid = {A051F182-9C84-403B-B0A2-0AFDD203D3CD}
	EndGlobalSection
EndGlobal
